
Microsoft Visual Studio Solution File, Format Version 12.00
# Visual Studio Version 17
VisualStudioVersion = 17.3.32922.545
MinimumVisualStudioVersion = 10.0.40219.1
Project("{8BC9CEB8-8B4A-11D0-8D11-00A0C91BC942}") = "LC-0001-TwoSums", "LeetCode\LC-0001-TwoSums\LC-0001-TwoSums.vcxproj", "{AC1ABD52-3E8A-4C76-9875-AE7CF294D0BF}"
EndProject
Project("{8BC9CEB8-8B4A-11D0-8D11-00A0C91BC942}") = "LC-0002-AddTwoNumbers", "LeetCode\LC-0002-AddTwoNumbers\LC-0002-AddTwoNumbers.vcxproj", "{9E180207-0128-4D6D-8325-B72338B2619D}"
EndProject
Project("{8BC9CEB8-8B4A-11D0-8D11-00A0C91BC942}") = "LC-0008-atoi", "LeetCode\LC-0008-atoi\LC-0008-atoi.vcxproj", "{DF322FEC-1CB5-4172-BCA2-7867E8D2D711}"
EndProject
Project("{8BC9CEB8-8B4A-11D0-8D11-00A0C91BC942}") = "LC-0026-RemoveDuplicatesFromSortedArray", "LeetCode\LC-0026-RemoveDuplicatesFromSortedArray\LC-0026-RemoveDuplicatesFromSortedArray.vcxproj", "{BCD60A27-E19B-4ABB-B3CA-1753D72CBB18}"
EndProject
Project("{8BC9CEB8-8B4A-11D0-8D11-00A0C91BC942}") = "LC-0036-ValidSudoku", "LeetCode\LC-0036-ValidSudoku\LC-0036-ValidSudoku.vcxproj", "{1C25ED71-55F3-4AD4-A13B-5E902CA38B9A}"
EndProject
Project("{8BC9CEB8-8B4A-11D0-8D11-00A0C91BC942}") = "LC-0079-WordSearch", "LeetCode\LC-0079-WordSearch\LC-0079-WordSearch.vcxproj", "{44239C0E-F3F1-4623-96CD-A8BD4DE076E2}"
EndProject
Project("{8BC9CEB8-8B4A-11D0-8D11-00A0C91BC942}") = "LC-0094-BinaryTreeInorderTraversal", "LeetCode\LC-0094-BinaryTreeInorderTraversal\LC-0094-BinaryTreeInorderTraversal.vcxproj", "{A33C3213-0498-4320-B5F8-A6C737A04921}"
EndProject
Project("{8BC9CEB8-8B4A-11D0-8D11-00A0C91BC942}") = "LC-0141-LinkedListCycle", "LeetCode\LC-0141-LinkedListCycle\LC-0141-LinkedListCycle.vcxproj", "{E8476C42-DFBA-492B-BB61-36AB92D531C7}"
EndProject
Project("{8BC9CEB8-8B4A-11D0-8D11-00A0C91BC942}") = "LC-0205-IsomorphicStrings", "LeetCode\LC-0205-IsomorphicStrings\LC-0205-IsomorphicStrings.vcxproj", "{C8773A4E-A7A1-41A5-897A-1918253C33D7}"
EndProject
Project("{8BC9CEB8-8B4A-11D0-8D11-00A0C91BC942}") = "LC-0224-Calculator", "LeetCode\LC-0224-Calculator\LC-0224-Calculator.vcxproj", "{68741410-CC7B-4B31-B7B2-3835B31EDA5B}"
EndProject
Project("{8BC9CEB8-8B4A-11D0-8D11-00A0C91BC942}") = "LC-0279-PerfectSquares", "LeetCode\LC-0279-PerfectSquares\LC-0279-PerfectSquares.vcxproj", "{3BCD7E38-3354-4362-B4A8-4E81219D7AB6}"
EndProject
Project("{8BC9CEB8-8B4A-11D0-8D11-00A0C91BC942}") = "LC-0392-IsSubsequence", "LeetCode\LC-0392-IsSubsequence\LC-0392-IsSubsequence.vcxproj", "{3DD3B5A5-33EC-4144-BE25-F5F5155493EA}"
EndProject
Project("{8BC9CEB8-8B4A-11D0-8D11-00A0C91BC942}") = "LC-0724-FindPivotIndex", "LeetCode\LC-0724-FindPivotIndex\LC-0724-FindPivotIndex.vcxproj", "{CE4BCD26-5B06-4BAF-B1AD-8C04EA0DA466}"
EndProject
Project("{8BC9CEB8-8B4A-11D0-8D11-00A0C91BC942}") = "LC-0907-SumOfSubarraysMinimums", "LeetCode\LC-0907-SumOfSubarraysMinimums\LC-0907-SumOfSubarraysMinimums.vcxproj", "{A12E612F-5D51-4D7A-9191-B4EA39DB71EC}"
EndProject
Project("{8BC9CEB8-8B4A-11D0-8D11-00A0C91BC942}") = "LC-1235-MaximumProfitInJobScheduling", "LeetCode\LC-1235-MaximumProfitInJobScheduling\LC-1235-MaximumProfitInJobScheduling.vcxproj", "{31268698-5CA4-4D25-BDAC-B787FEB19C5A}"
EndProject
Project("{8BC9CEB8-8B4A-11D0-8D11-00A0C91BC942}") = "LC-1480-RunningSumOf1dArray", "LeetCode\LC-1480-RunningSumOf1dArray\LC-1480-RunningSumOf1dArray.vcxproj", "{54126CEF-C68F-44E4-8775-3C84367AFB9E}"
EndProject
Project("{8BC9CEB8-8B4A-11D0-8D11-00A0C91BC942}") = "LC-1926-NearestExitFromEntranceInMaze", "LeetCode\LC-1926-NearestExitFromEntranceInMaze\LC-1926-NearestExitFromEntranceInMaze.vcxproj", "{C6E6CD0D-2D5F-41D7-90C4-EEB258E6289F}"
EndProject
Project("{2150E333-8FDC-42A3-9474-1A3956D46DE8}") = "Leet Code", "Leet Code", "{826E37ED-85EE-45A2-BED2-03D1EC8B4C1D}"
EndProject
Project("{8BC9CEB8-8B4A-11D0-8D11-00A0C91BC942}") = "Graphs", "Graphs\Graphs.vcxproj", "{72BCBF68-3940-4211-9E54-5A8C229ABBBA}"
EndProject
Project("{8BC9CEB8-8B4A-11D0-8D11-00A0C91BC942}") = "LC-0206-ReverseLinkedList", "LeetCode\LC-0206-ReverseLinkedList\LC-0206-ReverseLinkedList.vcxproj", "{9A85B42A-9A51-4455-A81F-F6CC961EF97D}"
EndProject
Project("{8BC9CEB8-8B4A-11D0-8D11-00A0C91BC942}") = "LC-0021-MergeTwoSortedLists", "LeetCode\LC-0021-MergeTwoSortedLists\LC-0021-MergeTwoSortedLists.vcxproj", "{951098B2-62D3-43E9-ADFD-C9C731B75EEC}"
EndProject
Project("{8BC9CEB8-8B4A-11D0-8D11-00A0C91BC942}") = "LC-0046-Permutations", "LeetCode\LC-0046-Permutations\LC-0046-Permutations.vcxproj", "{1A3D34B5-7303-4255-974B-146046A326D6}"
EndProject
Project("{8BC9CEB8-8B4A-11D0-8D11-00A0C91BC942}") = "LC-0876-MiddleOfLinkedList", "LeetCode\LC-0876-MiddleOfLinkedList\LC-0876-MiddleOfLinkedList.vcxproj", "{90F34CDB-2A8B-4C93-ABED-F6DD96EF7883}"
EndProject
Project("{8BC9CEB8-8B4A-11D0-8D11-00A0C91BC942}") = "LC-0142-LinkedListCycle2", "LeetCode\LC-0142-LinkedListCycle2\LC-0142-LinkedListCycle2.vcxproj", "{8B42C3CC-1B61-4816-840F-061C535E10ED}"
EndProject
Project("{8BC9CEB8-8B4A-11D0-8D11-00A0C91BC942}") = "LC-0409-LongestPalindrome", "LeetCode\LC-0409-LongestPalindrome\LC-0409-LongestPalindrome.vcxproj", "{C9966A65-1385-44A5-8931-74F82D050583}"
EndProject
Project("{8BC9CEB8-8B4A-11D0-8D11-00A0C91BC942}") = "LC-1207-UniqueNumberOfOccurences", "LeetCode\LC-1207-UniqueNumberOfOccurences\LC-1207-UniqueNumberOfOccurences.vcxproj", "{4249305A-9C56-405E-8078-2C7005A93E92}"
EndProject
Project("{8BC9CEB8-8B4A-11D0-8D11-00A0C91BC942}") = "LC-0121-BestTimeToBusAndSellStock", "LeetCode\LC-0121-BestTimeToBusAndSellStock\LC-0121-BestTimeToBusAndSellStock.vcxproj", "{2C3BA013-23BC-4F9B-9227-0608B5A3459A}"
EndProject
Project("{8BC9CEB8-8B4A-11D0-8D11-00A0C91BC942}") = "LC-0589-NTreePreorderTraversal", "LeetCode\LC-0589-NTreePreorderTraversal\LC-0589-NTreePreorderTraversal.vcxproj", "{9A64B2C6-64DB-4240-A93B-6158C46F1D98}"
EndProject
Project("{8BC9CEB8-8B4A-11D0-8D11-00A0C91BC942}") = "LC-0102-BinaryTreeLevelOrderTraversal", "LeetCode\LC-0102-BinaryTreeLevelOrderTraversal\LC-0102-BinaryTreeLevelOrderTraversal.vcxproj", "{80E8D885-2732-4408-8156-74F253D381DA}"
EndProject
Project("{8BC9CEB8-8B4A-11D0-8D11-00A0C91BC942}") = "LC-0704-BinarySearch", "LeetCode\LC-0704-BinarySearch\LC-0704-BinarySearch.vcxproj", "{A9B77714-E7E9-42BB-8F7C-8C1E2187A324}"
EndProject
Project("{8BC9CEB8-8B4A-11D0-8D11-00A0C91BC942}") = "LC-0278-FirstBadVersion", "LeetCode\LC-0278-FirstBadVersion\LC-0278-FirstBadVersion.vcxproj", "{F25F6A3C-D2E1-47F3-A77A-9AACA314B0F3}"
EndProject
Project("{8BC9CEB8-8B4A-11D0-8D11-00A0C91BC942}") = "LC-0098-ValidateBinarySearchTree", "LeetCode\LC-0098-ValidateBinarySearchTree\LC-0098-ValidateBinarySearchTree.vcxproj", "{715C4036-521B-4EA5-B479-4FEB562E12DC}"
EndProject
Project("{8BC9CEB8-8B4A-11D0-8D11-00A0C91BC942}") = "LC-0235-LowestCommonAncesterBST", "LeetCode\LC-0235-LowestCommonAncesterBST\LC-0235-LowestCommonAncesterBST.vcxproj", "{FD264464-335F-4294-BDA3-A226131B8133}"
EndProject
Project("{8BC9CEB8-8B4A-11D0-8D11-00A0C91BC942}") = "BinaryTrees", "BinaryTrees\BinaryTrees.vcxproj", "{147A7F35-1968-4A03-BF54-A70BB41D348B}"
EndProject
Project("{8BC9CEB8-8B4A-11D0-8D11-00A0C91BC942}") = "LC-0733-FloodFill", "LeetCode\LC-0733-FloodFill\LC-0733-FloodFill.vcxproj", "{818C4BF9-D87A-4930-B6DB-C268FB5C920D}"
EndProject
Project("{8BC9CEB8-8B4A-11D0-8D11-00A0C91BC942}") = "LC-0200-NumberOfIslands", "LeetCode\LC-0200-NumberOfIslands\LC-0200-NumberOfIslands.vcxproj", "{8F1D1691-3380-40A5-A511-59E40E89918C}"
EndProject
Project("{8BC9CEB8-8B4A-11D0-8D11-00A0C91BC942}") = "LC-0509-Fibonacci", "LeetCode\LC-0509-Fibonacci\LC-0509-Fibonacci.vcxproj", "{F4B3E09F-C0C7-44BE-9AF2-5C64C951866D}"
EndProject
Project("{8BC9CEB8-8B4A-11D0-8D11-00A0C91BC942}") = "LC-0070-ClimbingStairs", "LeetCode\LC-0070-ClimbingStairs\LC-0070-ClimbingStairs.vcxproj", "{2B61F051-FC8D-49BD-A0BC-02FA6F01E831}"
EndProject
Global
	GlobalSection(SolutionConfigurationPlatforms) = preSolution
		Debug|x64 = Debug|x64
		Debug|x86 = Debug|x86
		Release|x64 = Release|x64
		Release|x86 = Release|x86
	EndGlobalSection
	GlobalSection(ProjectConfigurationPlatforms) = postSolution
		{AC1ABD52-3E8A-4C76-9875-AE7CF294D0BF}.Debug|x64.ActiveCfg = Debug|x64
		{AC1ABD52-3E8A-4C76-9875-AE7CF294D0BF}.Debug|x64.Build.0 = Debug|x64
		{AC1ABD52-3E8A-4C76-9875-AE7CF294D0BF}.Debug|x86.ActiveCfg = Debug|Win32
		{AC1ABD52-3E8A-4C76-9875-AE7CF294D0BF}.Debug|x86.Build.0 = Debug|Win32
		{AC1ABD52-3E8A-4C76-9875-AE7CF294D0BF}.Release|x64.ActiveCfg = Release|x64
		{AC1ABD52-3E8A-4C76-9875-AE7CF294D0BF}.Release|x64.Build.0 = Release|x64
		{AC1ABD52-3E8A-4C76-9875-AE7CF294D0BF}.Release|x86.ActiveCfg = Release|Win32
		{AC1ABD52-3E8A-4C76-9875-AE7CF294D0BF}.Release|x86.Build.0 = Release|Win32
		{9E180207-0128-4D6D-8325-B72338B2619D}.Debug|x64.ActiveCfg = Debug|x64
		{9E180207-0128-4D6D-8325-B72338B2619D}.Debug|x64.Build.0 = Debug|x64
		{9E180207-0128-4D6D-8325-B72338B2619D}.Debug|x86.ActiveCfg = Debug|Win32
		{9E180207-0128-4D6D-8325-B72338B2619D}.Debug|x86.Build.0 = Debug|Win32
		{9E180207-0128-4D6D-8325-B72338B2619D}.Release|x64.ActiveCfg = Release|x64
		{9E180207-0128-4D6D-8325-B72338B2619D}.Release|x64.Build.0 = Release|x64
		{9E180207-0128-4D6D-8325-B72338B2619D}.Release|x86.ActiveCfg = Release|Win32
		{9E180207-0128-4D6D-8325-B72338B2619D}.Release|x86.Build.0 = Release|Win32
		{DF322FEC-1CB5-4172-BCA2-7867E8D2D711}.Debug|x64.ActiveCfg = Debug|x64
		{DF322FEC-1CB5-4172-BCA2-7867E8D2D711}.Debug|x64.Build.0 = Debug|x64
		{DF322FEC-1CB5-4172-BCA2-7867E8D2D711}.Debug|x86.ActiveCfg = Debug|Win32
		{DF322FEC-1CB5-4172-BCA2-7867E8D2D711}.Debug|x86.Build.0 = Debug|Win32
		{DF322FEC-1CB5-4172-BCA2-7867E8D2D711}.Release|x64.ActiveCfg = Release|x64
		{DF322FEC-1CB5-4172-BCA2-7867E8D2D711}.Release|x64.Build.0 = Release|x64
		{DF322FEC-1CB5-4172-BCA2-7867E8D2D711}.Release|x86.ActiveCfg = Release|Win32
		{DF322FEC-1CB5-4172-BCA2-7867E8D2D711}.Release|x86.Build.0 = Release|Win32
		{BCD60A27-E19B-4ABB-B3CA-1753D72CBB18}.Debug|x64.ActiveCfg = Debug|x64
		{BCD60A27-E19B-4ABB-B3CA-1753D72CBB18}.Debug|x64.Build.0 = Debug|x64
		{BCD60A27-E19B-4ABB-B3CA-1753D72CBB18}.Debug|x86.ActiveCfg = Debug|Win32
		{BCD60A27-E19B-4ABB-B3CA-1753D72CBB18}.Debug|x86.Build.0 = Debug|Win32
		{BCD60A27-E19B-4ABB-B3CA-1753D72CBB18}.Release|x64.ActiveCfg = Release|x64
		{BCD60A27-E19B-4ABB-B3CA-1753D72CBB18}.Release|x64.Build.0 = Release|x64
		{BCD60A27-E19B-4ABB-B3CA-1753D72CBB18}.Release|x86.ActiveCfg = Release|Win32
		{BCD60A27-E19B-4ABB-B3CA-1753D72CBB18}.Release|x86.Build.0 = Release|Win32
		{1C25ED71-55F3-4AD4-A13B-5E902CA38B9A}.Debug|x64.ActiveCfg = Debug|x64
		{1C25ED71-55F3-4AD4-A13B-5E902CA38B9A}.Debug|x64.Build.0 = Debug|x64
		{1C25ED71-55F3-4AD4-A13B-5E902CA38B9A}.Debug|x86.ActiveCfg = Debug|Win32
		{1C25ED71-55F3-4AD4-A13B-5E902CA38B9A}.Debug|x86.Build.0 = Debug|Win32
		{1C25ED71-55F3-4AD4-A13B-5E902CA38B9A}.Release|x64.ActiveCfg = Release|x64
		{1C25ED71-55F3-4AD4-A13B-5E902CA38B9A}.Release|x64.Build.0 = Release|x64
		{1C25ED71-55F3-4AD4-A13B-5E902CA38B9A}.Release|x86.ActiveCfg = Release|Win32
		{1C25ED71-55F3-4AD4-A13B-5E902CA38B9A}.Release|x86.Build.0 = Release|Win32
		{44239C0E-F3F1-4623-96CD-A8BD4DE076E2}.Debug|x64.ActiveCfg = Debug|x64
		{44239C0E-F3F1-4623-96CD-A8BD4DE076E2}.Debug|x64.Build.0 = Debug|x64
		{44239C0E-F3F1-4623-96CD-A8BD4DE076E2}.Debug|x86.ActiveCfg = Debug|Win32
		{44239C0E-F3F1-4623-96CD-A8BD4DE076E2}.Debug|x86.Build.0 = Debug|Win32
		{44239C0E-F3F1-4623-96CD-A8BD4DE076E2}.Release|x64.ActiveCfg = Release|x64
		{44239C0E-F3F1-4623-96CD-A8BD4DE076E2}.Release|x64.Build.0 = Release|x64
		{44239C0E-F3F1-4623-96CD-A8BD4DE076E2}.Release|x86.ActiveCfg = Release|Win32
		{44239C0E-F3F1-4623-96CD-A8BD4DE076E2}.Release|x86.Build.0 = Release|Win32
		{A33C3213-0498-4320-B5F8-A6C737A04921}.Debug|x64.ActiveCfg = Debug|x64
		{A33C3213-0498-4320-B5F8-A6C737A04921}.Debug|x64.Build.0 = Debug|x64
		{A33C3213-0498-4320-B5F8-A6C737A04921}.Debug|x86.ActiveCfg = Debug|Win32
		{A33C3213-0498-4320-B5F8-A6C737A04921}.Debug|x86.Build.0 = Debug|Win32
		{A33C3213-0498-4320-B5F8-A6C737A04921}.Release|x64.ActiveCfg = Release|x64
		{A33C3213-0498-4320-B5F8-A6C737A04921}.Release|x64.Build.0 = Release|x64
		{A33C3213-0498-4320-B5F8-A6C737A04921}.Release|x86.ActiveCfg = Release|Win32
		{A33C3213-0498-4320-B5F8-A6C737A04921}.Release|x86.Build.0 = Release|Win32
		{E8476C42-DFBA-492B-BB61-36AB92D531C7}.Debug|x64.ActiveCfg = Debug|x64
		{E8476C42-DFBA-492B-BB61-36AB92D531C7}.Debug|x64.Build.0 = Debug|x64
		{E8476C42-DFBA-492B-BB61-36AB92D531C7}.Debug|x86.ActiveCfg = Debug|Win32
		{E8476C42-DFBA-492B-BB61-36AB92D531C7}.Debug|x86.Build.0 = Debug|Win32
		{E8476C42-DFBA-492B-BB61-36AB92D531C7}.Release|x64.ActiveCfg = Release|x64
		{E8476C42-DFBA-492B-BB61-36AB92D531C7}.Release|x64.Build.0 = Release|x64
		{E8476C42-DFBA-492B-BB61-36AB92D531C7}.Release|x86.ActiveCfg = Release|Win32
		{E8476C42-DFBA-492B-BB61-36AB92D531C7}.Release|x86.Build.0 = Release|Win32
		{C8773A4E-A7A1-41A5-897A-1918253C33D7}.Debug|x64.ActiveCfg = Debug|x64
		{C8773A4E-A7A1-41A5-897A-1918253C33D7}.Debug|x64.Build.0 = Debug|x64
		{C8773A4E-A7A1-41A5-897A-1918253C33D7}.Debug|x86.ActiveCfg = Debug|Win32
		{C8773A4E-A7A1-41A5-897A-1918253C33D7}.Debug|x86.Build.0 = Debug|Win32
		{C8773A4E-A7A1-41A5-897A-1918253C33D7}.Release|x64.ActiveCfg = Release|x64
		{C8773A4E-A7A1-41A5-897A-1918253C33D7}.Release|x64.Build.0 = Release|x64
		{C8773A4E-A7A1-41A5-897A-1918253C33D7}.Release|x86.ActiveCfg = Release|Win32
		{C8773A4E-A7A1-41A5-897A-1918253C33D7}.Release|x86.Build.0 = Release|Win32
		{68741410-CC7B-4B31-B7B2-3835B31EDA5B}.Debug|x64.ActiveCfg = Debug|x64
		{68741410-CC7B-4B31-B7B2-3835B31EDA5B}.Debug|x64.Build.0 = Debug|x64
		{68741410-CC7B-4B31-B7B2-3835B31EDA5B}.Debug|x86.ActiveCfg = Debug|Win32
		{68741410-CC7B-4B31-B7B2-3835B31EDA5B}.Debug|x86.Build.0 = Debug|Win32
		{68741410-CC7B-4B31-B7B2-3835B31EDA5B}.Release|x64.ActiveCfg = Release|x64
		{68741410-CC7B-4B31-B7B2-3835B31EDA5B}.Release|x64.Build.0 = Release|x64
		{68741410-CC7B-4B31-B7B2-3835B31EDA5B}.Release|x86.ActiveCfg = Release|Win32
		{68741410-CC7B-4B31-B7B2-3835B31EDA5B}.Release|x86.Build.0 = Release|Win32
		{3BCD7E38-3354-4362-B4A8-4E81219D7AB6}.Debug|x64.ActiveCfg = Debug|x64
		{3BCD7E38-3354-4362-B4A8-4E81219D7AB6}.Debug|x64.Build.0 = Debug|x64
		{3BCD7E38-3354-4362-B4A8-4E81219D7AB6}.Debug|x86.ActiveCfg = Debug|Win32
		{3BCD7E38-3354-4362-B4A8-4E81219D7AB6}.Debug|x86.Build.0 = Debug|Win32
		{3BCD7E38-3354-4362-B4A8-4E81219D7AB6}.Release|x64.ActiveCfg = Release|x64
		{3BCD7E38-3354-4362-B4A8-4E81219D7AB6}.Release|x64.Build.0 = Release|x64
		{3BCD7E38-3354-4362-B4A8-4E81219D7AB6}.Release|x86.ActiveCfg = Release|Win32
		{3BCD7E38-3354-4362-B4A8-4E81219D7AB6}.Release|x86.Build.0 = Release|Win32
		{3DD3B5A5-33EC-4144-BE25-F5F5155493EA}.Debug|x64.ActiveCfg = Debug|x64
		{3DD3B5A5-33EC-4144-BE25-F5F5155493EA}.Debug|x64.Build.0 = Debug|x64
		{3DD3B5A5-33EC-4144-BE25-F5F5155493EA}.Debug|x86.ActiveCfg = Debug|Win32
		{3DD3B5A5-33EC-4144-BE25-F5F5155493EA}.Debug|x86.Build.0 = Debug|Win32
		{3DD3B5A5-33EC-4144-BE25-F5F5155493EA}.Release|x64.ActiveCfg = Release|x64
		{3DD3B5A5-33EC-4144-BE25-F5F5155493EA}.Release|x64.Build.0 = Release|x64
		{3DD3B5A5-33EC-4144-BE25-F5F5155493EA}.Release|x86.ActiveCfg = Release|Win32
		{3DD3B5A5-33EC-4144-BE25-F5F5155493EA}.Release|x86.Build.0 = Release|Win32
		{CE4BCD26-5B06-4BAF-B1AD-8C04EA0DA466}.Debug|x64.ActiveCfg = Debug|x64
		{CE4BCD26-5B06-4BAF-B1AD-8C04EA0DA466}.Debug|x64.Build.0 = Debug|x64
		{CE4BCD26-5B06-4BAF-B1AD-8C04EA0DA466}.Debug|x86.ActiveCfg = Debug|Win32
		{CE4BCD26-5B06-4BAF-B1AD-8C04EA0DA466}.Debug|x86.Build.0 = Debug|Win32
		{CE4BCD26-5B06-4BAF-B1AD-8C04EA0DA466}.Release|x64.ActiveCfg = Release|x64
		{CE4BCD26-5B06-4BAF-B1AD-8C04EA0DA466}.Release|x64.Build.0 = Release|x64
		{CE4BCD26-5B06-4BAF-B1AD-8C04EA0DA466}.Release|x86.ActiveCfg = Release|Win32
		{CE4BCD26-5B06-4BAF-B1AD-8C04EA0DA466}.Release|x86.Build.0 = Release|Win32
		{A12E612F-5D51-4D7A-9191-B4EA39DB71EC}.Debug|x64.ActiveCfg = Debug|x64
		{A12E612F-5D51-4D7A-9191-B4EA39DB71EC}.Debug|x64.Build.0 = Debug|x64
		{A12E612F-5D51-4D7A-9191-B4EA39DB71EC}.Debug|x86.ActiveCfg = Debug|Win32
		{A12E612F-5D51-4D7A-9191-B4EA39DB71EC}.Debug|x86.Build.0 = Debug|Win32
		{A12E612F-5D51-4D7A-9191-B4EA39DB71EC}.Release|x64.ActiveCfg = Release|x64
		{A12E612F-5D51-4D7A-9191-B4EA39DB71EC}.Release|x64.Build.0 = Release|x64
		{A12E612F-5D51-4D7A-9191-B4EA39DB71EC}.Release|x86.ActiveCfg = Release|Win32
		{A12E612F-5D51-4D7A-9191-B4EA39DB71EC}.Release|x86.Build.0 = Release|Win32
		{31268698-5CA4-4D25-BDAC-B787FEB19C5A}.Debug|x64.ActiveCfg = Debug|x64
		{31268698-5CA4-4D25-BDAC-B787FEB19C5A}.Debug|x64.Build.0 = Debug|x64
		{31268698-5CA4-4D25-BDAC-B787FEB19C5A}.Debug|x86.ActiveCfg = Debug|Win32
		{31268698-5CA4-4D25-BDAC-B787FEB19C5A}.Debug|x86.Build.0 = Debug|Win32
		{31268698-5CA4-4D25-BDAC-B787FEB19C5A}.Release|x64.ActiveCfg = Release|x64
		{31268698-5CA4-4D25-BDAC-B787FEB19C5A}.Release|x64.Build.0 = Release|x64
		{31268698-5CA4-4D25-BDAC-B787FEB19C5A}.Release|x86.ActiveCfg = Release|Win32
		{31268698-5CA4-4D25-BDAC-B787FEB19C5A}.Release|x86.Build.0 = Release|Win32
		{54126CEF-C68F-44E4-8775-3C84367AFB9E}.Debug|x64.ActiveCfg = Debug|x64
		{54126CEF-C68F-44E4-8775-3C84367AFB9E}.Debug|x64.Build.0 = Debug|x64
		{54126CEF-C68F-44E4-8775-3C84367AFB9E}.Debug|x86.ActiveCfg = Debug|Win32
		{54126CEF-C68F-44E4-8775-3C84367AFB9E}.Debug|x86.Build.0 = Debug|Win32
		{54126CEF-C68F-44E4-8775-3C84367AFB9E}.Release|x64.ActiveCfg = Release|x64
		{54126CEF-C68F-44E4-8775-3C84367AFB9E}.Release|x64.Build.0 = Release|x64
		{54126CEF-C68F-44E4-8775-3C84367AFB9E}.Release|x86.ActiveCfg = Release|Win32
		{54126CEF-C68F-44E4-8775-3C84367AFB9E}.Release|x86.Build.0 = Release|Win32
		{C6E6CD0D-2D5F-41D7-90C4-EEB258E6289F}.Debug|x64.ActiveCfg = Debug|x64
		{C6E6CD0D-2D5F-41D7-90C4-EEB258E6289F}.Debug|x64.Build.0 = Debug|x64
		{C6E6CD0D-2D5F-41D7-90C4-EEB258E6289F}.Debug|x86.ActiveCfg = Debug|Win32
		{C6E6CD0D-2D5F-41D7-90C4-EEB258E6289F}.Debug|x86.Build.0 = Debug|Win32
		{C6E6CD0D-2D5F-41D7-90C4-EEB258E6289F}.Release|x64.ActiveCfg = Release|x64
		{C6E6CD0D-2D5F-41D7-90C4-EEB258E6289F}.Release|x64.Build.0 = Release|x64
		{C6E6CD0D-2D5F-41D7-90C4-EEB258E6289F}.Release|x86.ActiveCfg = Release|Win32
		{C6E6CD0D-2D5F-41D7-90C4-EEB258E6289F}.Release|x86.Build.0 = Release|Win32
		{72BCBF68-3940-4211-9E54-5A8C229ABBBA}.Debug|x64.ActiveCfg = Debug|x64
		{72BCBF68-3940-4211-9E54-5A8C229ABBBA}.Debug|x64.Build.0 = Debug|x64
		{72BCBF68-3940-4211-9E54-5A8C229ABBBA}.Debug|x86.ActiveCfg = Debug|Win32
		{72BCBF68-3940-4211-9E54-5A8C229ABBBA}.Debug|x86.Build.0 = Debug|Win32
		{72BCBF68-3940-4211-9E54-5A8C229ABBBA}.Release|x64.ActiveCfg = Release|x64
		{72BCBF68-3940-4211-9E54-5A8C229ABBBA}.Release|x64.Build.0 = Release|x64
		{72BCBF68-3940-4211-9E54-5A8C229ABBBA}.Release|x86.ActiveCfg = Release|Win32
		{72BCBF68-3940-4211-9E54-5A8C229ABBBA}.Release|x86.Build.0 = Release|Win32
		{9A85B42A-9A51-4455-A81F-F6CC961EF97D}.Debug|x64.ActiveCfg = Debug|x64
		{9A85B42A-9A51-4455-A81F-F6CC961EF97D}.Debug|x64.Build.0 = Debug|x64
		{9A85B42A-9A51-4455-A81F-F6CC961EF97D}.Debug|x86.ActiveCfg = Debug|Win32
		{9A85B42A-9A51-4455-A81F-F6CC961EF97D}.Debug|x86.Build.0 = Debug|Win32
		{9A85B42A-9A51-4455-A81F-F6CC961EF97D}.Release|x64.ActiveCfg = Release|x64
		{9A85B42A-9A51-4455-A81F-F6CC961EF97D}.Release|x64.Build.0 = Release|x64
		{9A85B42A-9A51-4455-A81F-F6CC961EF97D}.Release|x86.ActiveCfg = Release|Win32
		{9A85B42A-9A51-4455-A81F-F6CC961EF97D}.Release|x86.Build.0 = Release|Win32
		{951098B2-62D3-43E9-ADFD-C9C731B75EEC}.Debug|x64.ActiveCfg = Debug|x64
		{951098B2-62D3-43E9-ADFD-C9C731B75EEC}.Debug|x64.Build.0 = Debug|x64
		{951098B2-62D3-43E9-ADFD-C9C731B75EEC}.Debug|x86.ActiveCfg = Debug|Win32
		{951098B2-62D3-43E9-ADFD-C9C731B75EEC}.Debug|x86.Build.0 = Debug|Win32
		{951098B2-62D3-43E9-ADFD-C9C731B75EEC}.Release|x64.ActiveCfg = Release|x64
		{951098B2-62D3-43E9-ADFD-C9C731B75EEC}.Release|x64.Build.0 = Release|x64
		{951098B2-62D3-43E9-ADFD-C9C731B75EEC}.Release|x86.ActiveCfg = Release|Win32
		{951098B2-62D3-43E9-ADFD-C9C731B75EEC}.Release|x86.Build.0 = Release|Win32
		{1A3D34B5-7303-4255-974B-146046A326D6}.Debug|x64.ActiveCfg = Debug|x64
		{1A3D34B5-7303-4255-974B-146046A326D6}.Debug|x64.Build.0 = Debug|x64
		{1A3D34B5-7303-4255-974B-146046A326D6}.Debug|x86.ActiveCfg = Debug|Win32
		{1A3D34B5-7303-4255-974B-146046A326D6}.Debug|x86.Build.0 = Debug|Win32
		{1A3D34B5-7303-4255-974B-146046A326D6}.Release|x64.ActiveCfg = Release|x64
		{1A3D34B5-7303-4255-974B-146046A326D6}.Release|x64.Build.0 = Release|x64
		{1A3D34B5-7303-4255-974B-146046A326D6}.Release|x86.ActiveCfg = Release|Win32
		{1A3D34B5-7303-4255-974B-146046A326D6}.Release|x86.Build.0 = Release|Win32
		{90F34CDB-2A8B-4C93-ABED-F6DD96EF7883}.Debug|x64.ActiveCfg = Debug|x64
		{90F34CDB-2A8B-4C93-ABED-F6DD96EF7883}.Debug|x64.Build.0 = Debug|x64
		{90F34CDB-2A8B-4C93-ABED-F6DD96EF7883}.Debug|x86.ActiveCfg = Debug|Win32
		{90F34CDB-2A8B-4C93-ABED-F6DD96EF7883}.Debug|x86.Build.0 = Debug|Win32
		{90F34CDB-2A8B-4C93-ABED-F6DD96EF7883}.Release|x64.ActiveCfg = Release|x64
		{90F34CDB-2A8B-4C93-ABED-F6DD96EF7883}.Release|x64.Build.0 = Release|x64
		{90F34CDB-2A8B-4C93-ABED-F6DD96EF7883}.Release|x86.ActiveCfg = Release|Win32
		{90F34CDB-2A8B-4C93-ABED-F6DD96EF7883}.Release|x86.Build.0 = Release|Win32
		{8B42C3CC-1B61-4816-840F-061C535E10ED}.Debug|x64.ActiveCfg = Debug|x64
		{8B42C3CC-1B61-4816-840F-061C535E10ED}.Debug|x64.Build.0 = Debug|x64
		{8B42C3CC-1B61-4816-840F-061C535E10ED}.Debug|x86.ActiveCfg = Debug|Win32
		{8B42C3CC-1B61-4816-840F-061C535E10ED}.Debug|x86.Build.0 = Debug|Win32
		{8B42C3CC-1B61-4816-840F-061C535E10ED}.Release|x64.ActiveCfg = Release|x64
		{8B42C3CC-1B61-4816-840F-061C535E10ED}.Release|x64.Build.0 = Release|x64
		{8B42C3CC-1B61-4816-840F-061C535E10ED}.Release|x86.ActiveCfg = Release|Win32
		{8B42C3CC-1B61-4816-840F-061C535E10ED}.Release|x86.Build.0 = Release|Win32
		{C9966A65-1385-44A5-8931-74F82D050583}.Debug|x64.ActiveCfg = Debug|x64
		{C9966A65-1385-44A5-8931-74F82D050583}.Debug|x64.Build.0 = Debug|x64
		{C9966A65-1385-44A5-8931-74F82D050583}.Debug|x86.ActiveCfg = Debug|Win32
		{C9966A65-1385-44A5-8931-74F82D050583}.Debug|x86.Build.0 = Debug|Win32
		{C9966A65-1385-44A5-8931-74F82D050583}.Release|x64.ActiveCfg = Release|x64
		{C9966A65-1385-44A5-8931-74F82D050583}.Release|x64.Build.0 = Release|x64
		{C9966A65-1385-44A5-8931-74F82D050583}.Release|x86.ActiveCfg = Release|Win32
		{C9966A65-1385-44A5-8931-74F82D050583}.Release|x86.Build.0 = Release|Win32
		{4249305A-9C56-405E-8078-2C7005A93E92}.Debug|x64.ActiveCfg = Debug|x64
		{4249305A-9C56-405E-8078-2C7005A93E92}.Debug|x64.Build.0 = Debug|x64
		{4249305A-9C56-405E-8078-2C7005A93E92}.Debug|x86.ActiveCfg = Debug|Win32
		{4249305A-9C56-405E-8078-2C7005A93E92}.Debug|x86.Build.0 = Debug|Win32
		{4249305A-9C56-405E-8078-2C7005A93E92}.Release|x64.ActiveCfg = Release|x64
		{4249305A-9C56-405E-8078-2C7005A93E92}.Release|x64.Build.0 = Release|x64
		{4249305A-9C56-405E-8078-2C7005A93E92}.Release|x86.ActiveCfg = Release|Win32
		{4249305A-9C56-405E-8078-2C7005A93E92}.Release|x86.Build.0 = Release|Win32
		{2C3BA013-23BC-4F9B-9227-0608B5A3459A}.Debug|x64.ActiveCfg = Debug|x64
		{2C3BA013-23BC-4F9B-9227-0608B5A3459A}.Debug|x64.Build.0 = Debug|x64
		{2C3BA013-23BC-4F9B-9227-0608B5A3459A}.Debug|x86.ActiveCfg = Debug|Win32
		{2C3BA013-23BC-4F9B-9227-0608B5A3459A}.Debug|x86.Build.0 = Debug|Win32
		{2C3BA013-23BC-4F9B-9227-0608B5A3459A}.Release|x64.ActiveCfg = Release|x64
		{2C3BA013-23BC-4F9B-9227-0608B5A3459A}.Release|x64.Build.0 = Release|x64
		{2C3BA013-23BC-4F9B-9227-0608B5A3459A}.Release|x86.ActiveCfg = Release|Win32
		{2C3BA013-23BC-4F9B-9227-0608B5A3459A}.Release|x86.Build.0 = Release|Win32
		{9A64B2C6-64DB-4240-A93B-6158C46F1D98}.Debug|x64.ActiveCfg = Debug|x64
		{9A64B2C6-64DB-4240-A93B-6158C46F1D98}.Debug|x64.Build.0 = Debug|x64
		{9A64B2C6-64DB-4240-A93B-6158C46F1D98}.Debug|x86.ActiveCfg = Debug|Win32
		{9A64B2C6-64DB-4240-A93B-6158C46F1D98}.Debug|x86.Build.0 = Debug|Win32
		{9A64B2C6-64DB-4240-A93B-6158C46F1D98}.Release|x64.ActiveCfg = Release|x64
		{9A64B2C6-64DB-4240-A93B-6158C46F1D98}.Release|x64.Build.0 = Release|x64
		{9A64B2C6-64DB-4240-A93B-6158C46F1D98}.Release|x86.ActiveCfg = Release|Win32
		{9A64B2C6-64DB-4240-A93B-6158C46F1D98}.Release|x86.Build.0 = Release|Win32
		{80E8D885-2732-4408-8156-74F253D381DA}.Debug|x64.ActiveCfg = Debug|x64
		{80E8D885-2732-4408-8156-74F253D381DA}.Debug|x64.Build.0 = Debug|x64
		{80E8D885-2732-4408-8156-74F253D381DA}.Debug|x86.ActiveCfg = Debug|Win32
		{80E8D885-2732-4408-8156-74F253D381DA}.Debug|x86.Build.0 = Debug|Win32
		{80E8D885-2732-4408-8156-74F253D381DA}.Release|x64.ActiveCfg = Release|x64
		{80E8D885-2732-4408-8156-74F253D381DA}.Release|x64.Build.0 = Release|x64
		{80E8D885-2732-4408-8156-74F253D381DA}.Release|x86.ActiveCfg = Release|Win32
		{80E8D885-2732-4408-8156-74F253D381DA}.Release|x86.Build.0 = Release|Win32
		{A9B77714-E7E9-42BB-8F7C-8C1E2187A324}.Debug|x64.ActiveCfg = Debug|x64
		{A9B77714-E7E9-42BB-8F7C-8C1E2187A324}.Debug|x64.Build.0 = Debug|x64
		{A9B77714-E7E9-42BB-8F7C-8C1E2187A324}.Debug|x86.ActiveCfg = Debug|Win32
		{A9B77714-E7E9-42BB-8F7C-8C1E2187A324}.Debug|x86.Build.0 = Debug|Win32
		{A9B77714-E7E9-42BB-8F7C-8C1E2187A324}.Release|x64.ActiveCfg = Release|x64
		{A9B77714-E7E9-42BB-8F7C-8C1E2187A324}.Release|x64.Build.0 = Release|x64
		{A9B77714-E7E9-42BB-8F7C-8C1E2187A324}.Release|x86.ActiveCfg = Release|Win32
		{A9B77714-E7E9-42BB-8F7C-8C1E2187A324}.Release|x86.Build.0 = Release|Win32
		{F25F6A3C-D2E1-47F3-A77A-9AACA314B0F3}.Debug|x64.ActiveCfg = Debug|x64
		{F25F6A3C-D2E1-47F3-A77A-9AACA314B0F3}.Debug|x64.Build.0 = Debug|x64
		{F25F6A3C-D2E1-47F3-A77A-9AACA314B0F3}.Debug|x86.ActiveCfg = Debug|Win32
		{F25F6A3C-D2E1-47F3-A77A-9AACA314B0F3}.Debug|x86.Build.0 = Debug|Win32
		{F25F6A3C-D2E1-47F3-A77A-9AACA314B0F3}.Release|x64.ActiveCfg = Release|x64
		{F25F6A3C-D2E1-47F3-A77A-9AACA314B0F3}.Release|x64.Build.0 = Release|x64
		{F25F6A3C-D2E1-47F3-A77A-9AACA314B0F3}.Release|x86.ActiveCfg = Release|Win32
		{F25F6A3C-D2E1-47F3-A77A-9AACA314B0F3}.Release|x86.Build.0 = Release|Win32
		{715C4036-521B-4EA5-B479-4FEB562E12DC}.Debug|x64.ActiveCfg = Debug|x64
		{715C4036-521B-4EA5-B479-4FEB562E12DC}.Debug|x64.Build.0 = Debug|x64
		{715C4036-521B-4EA5-B479-4FEB562E12DC}.Debug|x86.ActiveCfg = Debug|Win32
		{715C4036-521B-4EA5-B479-4FEB562E12DC}.Debug|x86.Build.0 = Debug|Win32
		{715C4036-521B-4EA5-B479-4FEB562E12DC}.Release|x64.ActiveCfg = Release|x64
		{715C4036-521B-4EA5-B479-4FEB562E12DC}.Release|x64.Build.0 = Release|x64
		{715C4036-521B-4EA5-B479-4FEB562E12DC}.Release|x86.ActiveCfg = Release|Win32
		{715C4036-521B-4EA5-B479-4FEB562E12DC}.Release|x86.Build.0 = Release|Win32
		{FD264464-335F-4294-BDA3-A226131B8133}.Debug|x64.ActiveCfg = Debug|x64
		{FD264464-335F-4294-BDA3-A226131B8133}.Debug|x64.Build.0 = Debug|x64
		{FD264464-335F-4294-BDA3-A226131B8133}.Debug|x86.ActiveCfg = Debug|Win32
		{FD264464-335F-4294-BDA3-A226131B8133}.Debug|x86.Build.0 = Debug|Win32
		{FD264464-335F-4294-BDA3-A226131B8133}.Release|x64.ActiveCfg = Release|x64
		{FD264464-335F-4294-BDA3-A226131B8133}.Release|x64.Build.0 = Release|x64
		{FD264464-335F-4294-BDA3-A226131B8133}.Release|x86.ActiveCfg = Release|Win32
		{FD264464-335F-4294-BDA3-A226131B8133}.Release|x86.Build.0 = Release|Win32
		{147A7F35-1968-4A03-BF54-A70BB41D348B}.Debug|x64.ActiveCfg = Debug|x64
		{147A7F35-1968-4A03-BF54-A70BB41D348B}.Debug|x64.Build.0 = Debug|x64
		{147A7F35-1968-4A03-BF54-A70BB41D348B}.Debug|x86.ActiveCfg = Debug|Win32
		{147A7F35-1968-4A03-BF54-A70BB41D348B}.Debug|x86.Build.0 = Debug|Win32
		{147A7F35-1968-4A03-BF54-A70BB41D348B}.Release|x64.ActiveCfg = Release|x64
		{147A7F35-1968-4A03-BF54-A70BB41D348B}.Release|x64.Build.0 = Release|x64
		{147A7F35-1968-4A03-BF54-A70BB41D348B}.Release|x86.ActiveCfg = Release|Win32
		{147A7F35-1968-4A03-BF54-A70BB41D348B}.Release|x86.Build.0 = Release|Win32
		{818C4BF9-D87A-4930-B6DB-C268FB5C920D}.Debug|x64.ActiveCfg = Debug|x64
		{818C4BF9-D87A-4930-B6DB-C268FB5C920D}.Debug|x64.Build.0 = Debug|x64
		{818C4BF9-D87A-4930-B6DB-C268FB5C920D}.Debug|x86.ActiveCfg = Debug|Win32
		{818C4BF9-D87A-4930-B6DB-C268FB5C920D}.Debug|x86.Build.0 = Debug|Win32
		{818C4BF9-D87A-4930-B6DB-C268FB5C920D}.Release|x64.ActiveCfg = Release|x64
		{818C4BF9-D87A-4930-B6DB-C268FB5C920D}.Release|x64.Build.0 = Release|x64
		{818C4BF9-D87A-4930-B6DB-C268FB5C920D}.Release|x86.ActiveCfg = Release|Win32
		{818C4BF9-D87A-4930-B6DB-C268FB5C920D}.Release|x86.Build.0 = Release|Win32
		{8F1D1691-3380-40A5-A511-59E40E89918C}.Debug|x64.ActiveCfg = Debug|x64
		{8F1D1691-3380-40A5-A511-59E40E89918C}.Debug|x64.Build.0 = Debug|x64
		{8F1D1691-3380-40A5-A511-59E40E89918C}.Debug|x86.ActiveCfg = Debug|Win32
		{8F1D1691-3380-40A5-A511-59E40E89918C}.Debug|x86.Build.0 = Debug|Win32
		{8F1D1691-3380-40A5-A511-59E40E89918C}.Release|x64.ActiveCfg = Release|x64
		{8F1D1691-3380-40A5-A511-59E40E89918C}.Release|x64.Build.0 = Release|x64
		{8F1D1691-3380-40A5-A511-59E40E89918C}.Release|x86.ActiveCfg = Release|Win32
		{8F1D1691-3380-40A5-A511-59E40E89918C}.Release|x86.Build.0 = Release|Win32
		{F4B3E09F-C0C7-44BE-9AF2-5C64C951866D}.Debug|x64.ActiveCfg = Debug|x64
		{F4B3E09F-C0C7-44BE-9AF2-5C64C951866D}.Debug|x64.Build.0 = Debug|x64
		{F4B3E09F-C0C7-44BE-9AF2-5C64C951866D}.Debug|x86.ActiveCfg = Debug|Win32
		{F4B3E09F-C0C7-44BE-9AF2-5C64C951866D}.Debug|x86.Build.0 = Debug|Win32
		{F4B3E09F-C0C7-44BE-9AF2-5C64C951866D}.Release|x64.ActiveCfg = Release|x64
		{F4B3E09F-C0C7-44BE-9AF2-5C64C951866D}.Release|x64.Build.0 = Release|x64
		{F4B3E09F-C0C7-44BE-9AF2-5C64C951866D}.Release|x86.ActiveCfg = Release|Win32
		{F4B3E09F-C0C7-44BE-9AF2-5C64C951866D}.Release|x86.Build.0 = Release|Win32
		{2B61F051-FC8D-49BD-A0BC-02FA6F01E831}.Debug|x64.ActiveCfg = Debug|x64
		{2B61F051-FC8D-49BD-A0BC-02FA6F01E831}.Debug|x64.Build.0 = Debug|x64
		{2B61F051-FC8D-49BD-A0BC-02FA6F01E831}.Debug|x86.ActiveCfg = Debug|Win32
		{2B61F051-FC8D-49BD-A0BC-02FA6F01E831}.Debug|x86.Build.0 = Debug|Win32
		{2B61F051-FC8D-49BD-A0BC-02FA6F01E831}.Release|x64.ActiveCfg = Release|x64
		{2B61F051-FC8D-49BD-A0BC-02FA6F01E831}.Release|x64.Build.0 = Release|x64
		{2B61F051-FC8D-49BD-A0BC-02FA6F01E831}.Release|x86.ActiveCfg = Release|Win32
		{2B61F051-FC8D-49BD-A0BC-02FA6F01E831}.Release|x86.Build.0 = Release|Win32
	EndGlobalSection
	GlobalSection(SolutionProperties) = preSolution
		HideSolutionNode = FALSE
	EndGlobalSection
	GlobalSection(NestedProjects) = preSolution
		{AC1ABD52-3E8A-4C76-9875-AE7CF294D0BF} = {826E37ED-85EE-45A2-BED2-03D1EC8B4C1D}
		{9E180207-0128-4D6D-8325-B72338B2619D} = {826E37ED-85EE-45A2-BED2-03D1EC8B4C1D}
		{DF322FEC-1CB5-4172-BCA2-7867E8D2D711} = {826E37ED-85EE-45A2-BED2-03D1EC8B4C1D}
		{BCD60A27-E19B-4ABB-B3CA-1753D72CBB18} = {826E37ED-85EE-45A2-BED2-03D1EC8B4C1D}
		{1C25ED71-55F3-4AD4-A13B-5E902CA38B9A} = {826E37ED-85EE-45A2-BED2-03D1EC8B4C1D}
		{44239C0E-F3F1-4623-96CD-A8BD4DE076E2} = {826E37ED-85EE-45A2-BED2-03D1EC8B4C1D}
		{A33C3213-0498-4320-B5F8-A6C737A04921} = {826E37ED-85EE-45A2-BED2-03D1EC8B4C1D}
		{E8476C42-DFBA-492B-BB61-36AB92D531C7} = {826E37ED-85EE-45A2-BED2-03D1EC8B4C1D}
		{C8773A4E-A7A1-41A5-897A-1918253C33D7} = {826E37ED-85EE-45A2-BED2-03D1EC8B4C1D}
		{68741410-CC7B-4B31-B7B2-3835B31EDA5B} = {826E37ED-85EE-45A2-BED2-03D1EC8B4C1D}
		{3BCD7E38-3354-4362-B4A8-4E81219D7AB6} = {826E37ED-85EE-45A2-BED2-03D1EC8B4C1D}
		{3DD3B5A5-33EC-4144-BE25-F5F5155493EA} = {826E37ED-85EE-45A2-BED2-03D1EC8B4C1D}
		{CE4BCD26-5B06-4BAF-B1AD-8C04EA0DA466} = {826E37ED-85EE-45A2-BED2-03D1EC8B4C1D}
		{A12E612F-5D51-4D7A-9191-B4EA39DB71EC} = {826E37ED-85EE-45A2-BED2-03D1EC8B4C1D}
		{31268698-5CA4-4D25-BDAC-B787FEB19C5A} = {826E37ED-85EE-45A2-BED2-03D1EC8B4C1D}
		{54126CEF-C68F-44E4-8775-3C84367AFB9E} = {826E37ED-85EE-45A2-BED2-03D1EC8B4C1D}
		{C6E6CD0D-2D5F-41D7-90C4-EEB258E6289F} = {826E37ED-85EE-45A2-BED2-03D1EC8B4C1D}
		{9A85B42A-9A51-4455-A81F-F6CC961EF97D} = {826E37ED-85EE-45A2-BED2-03D1EC8B4C1D}
		{951098B2-62D3-43E9-ADFD-C9C731B75EEC} = {826E37ED-85EE-45A2-BED2-03D1EC8B4C1D}
		{1A3D34B5-7303-4255-974B-146046A326D6} = {826E37ED-85EE-45A2-BED2-03D1EC8B4C1D}
		{90F34CDB-2A8B-4C93-ABED-F6DD96EF7883} = {826E37ED-85EE-45A2-BED2-03D1EC8B4C1D}
		{8B42C3CC-1B61-4816-840F-061C535E10ED} = {826E37ED-85EE-45A2-BED2-03D1EC8B4C1D}
		{C9966A65-1385-44A5-8931-74F82D050583} = {826E37ED-85EE-45A2-BED2-03D1EC8B4C1D}
		{4249305A-9C56-405E-8078-2C7005A93E92} = {826E37ED-85EE-45A2-BED2-03D1EC8B4C1D}
		{2C3BA013-23BC-4F9B-9227-0608B5A3459A} = {826E37ED-85EE-45A2-BED2-03D1EC8B4C1D}
		{9A64B2C6-64DB-4240-A93B-6158C46F1D98} = {826E37ED-85EE-45A2-BED2-03D1EC8B4C1D}
		{80E8D885-2732-4408-8156-74F253D381DA} = {826E37ED-85EE-45A2-BED2-03D1EC8B4C1D}
		{A9B77714-E7E9-42BB-8F7C-8C1E2187A324} = {826E37ED-85EE-45A2-BED2-03D1EC8B4C1D}
		{F25F6A3C-D2E1-47F3-A77A-9AACA314B0F3} = {826E37ED-85EE-45A2-BED2-03D1EC8B4C1D}
		{715C4036-521B-4EA5-B479-4FEB562E12DC} = {826E37ED-85EE-45A2-BED2-03D1EC8B4C1D}
		{FD264464-335F-4294-BDA3-A226131B8133} = {826E37ED-85EE-45A2-BED2-03D1EC8B4C1D}
		{818C4BF9-D87A-4930-B6DB-C268FB5C920D} = {826E37ED-85EE-45A2-BED2-03D1EC8B4C1D}
		{8F1D1691-3380-40A5-A511-59E40E89918C} = {826E37ED-85EE-45A2-BED2-03D1EC8B4C1D}
		{F4B3E09F-C0C7-44BE-9AF2-5C64C951866D} = {826E37ED-85EE-45A2-BED2-03D1EC8B4C1D}
		{2B61F051-FC8D-49BD-A0BC-02FA6F01E831} = {826E37ED-85EE-45A2-BED2-03D1EC8B4C1D}
	EndGlobalSection
	GlobalSection(ExtensibilityGlobals) = postSolution
		SolutionGuid = {E85D7764-4102-40CB-B311-86BA5A443FCA}
	EndGlobalSection
EndGlobal
